
Microsoft Visual Studio Solution File, Format Version 12.00
# Visual Studio 15
VisualStudioVersion = 15.0.27004.2008
MinimumVisualStudioVersion = 10.0.40219.1
Project("{FAE04EC0-301F-11D3-BF4B-00C04F79EFBC}") = "Current.Xamarin.iOS", "Current.Xamarin.iOS\Current.Xamarin.iOS.csproj", "{170DF06F-F0A1-4EFC-B82F-845F5924094B}"
EndProject
Global
	GlobalSection(SolutionConfigurationPlatforms) = preSolution
		Debug|Any CPU = Debug|Any CPU
		Release|Any CPU = Release|Any CPU
	EndGlobalSection
	GlobalSection(ProjectConfigurationPlatforms) = postSolution
		{170DF06F-F0A1-4EFC-B82F-845F5924094B}.Debug|Any CPU.ActiveCfg = Debug|Any CPU
		{170DF06F-F0A1-4EFC-B82F-845F5924094B}.Debug|Any CPU.Build.0 = Debug|Any CPU
		{170DF06F-F0A1-4EFC-B82F-845F5924094B}.Release|Any CPU.ActiveCfg = Release|Any CPU
		{170DF06F-F0A1-4EFC-B82F-845F5924094B}.Release|Any CPU.Build.0 = Release|Any CPU
	EndGlobalSection
	GlobalSection(SolutionProperties) = preSolution
		HideSolutionNode = FALSE
	EndGlobalSection
	GlobalSection(ExtensibilityGlobals) = postSolution
		SolutionGuid = {0212A6C7-8BCC-4B0A-829C-E1F5EE228E3E}
	EndGlobalSection
EndGlobal
